
Microsoft Visual Studio Solution File, Format Version 12.00
# Visual Studio Version 16
VisualStudioVersion = 16.0.32126.315
MinimumVisualStudioVersion = 10.0.40219.1
Project("{FAE04EC0-301F-11D3-BF4B-00C04F79EFBC}") = "Lab3_BD", "Lab3_BD.csproj", "{0BB5066B-5777-4955-84E1-4221BDC5038A}"
EndProject
Global
	GlobalSection(SolutionConfigurationPlatforms) = preSolution
		Debug|Any CPU = Debug|Any CPU
		Release|Any CPU = Release|Any CPU
	EndGlobalSection
	GlobalSection(ProjectConfigurationPlatforms) = postSolution
		{0BB5066B-5777-4955-84E1-4221BDC5038A}.Debug|Any CPU.ActiveCfg = Debug|Any CPU
		{0BB5066B-5777-4955-84E1-4221BDC5038A}.Debug|Any CPU.Build.0 = Debug|Any CPU
		{0BB5066B-5777-4955-84E1-4221BDC5038A}.Release|Any CPU.ActiveCfg = Release|Any CPU
		{0BB5066B-5777-4955-84E1-4221BDC5038A}.Release|Any CPU.Build.0 = Release|Any CPU
	EndGlobalSection
	GlobalSection(SolutionProperties) = preSolution
		HideSolutionNode = FALSE
	EndGlobalSection
	GlobalSection(ExtensibilityGlobals) = postSolution
		SolutionGuid = {9BF0422D-FC2B-46BF-8B3F-8D30C365BEDE}
	EndGlobalSection
EndGlobal
